
Microsoft Visual Studio Solution File, Format Version 12.00
# Visual Studio Version 17
VisualStudioVersion = 17.4.33403.182
MinimumVisualStudioVersion = 10.0.40219.1
Project("{FAE04EC0-301F-11D3-BF4B-00C04F79EFBC}") = "WinFormMarqee", "WinFormMarqee\WinFormMarqee.csproj", "{35BD34F6-FF47-4BF6-A765-86EF32766027}"
EndProject
Global
	GlobalSection(SolutionConfigurationPlatforms) = preSolution
		Debug|Any CPU = Debug|Any CPU
		Release|Any CPU = Release|Any CPU
	EndGlobalSection
	GlobalSection(ProjectConfigurationPlatforms) = postSolution
		{35BD34F6-FF47-4BF6-A765-86EF32766027}.Debug|Any CPU.ActiveCfg = Debug|Any CPU
		{35BD34F6-FF47-4BF6-A765-86EF32766027}.Debug|Any CPU.Build.0 = Debug|Any CPU
		{35BD34F6-FF47-4BF6-A765-86EF32766027}.Release|Any CPU.ActiveCfg = Release|Any CPU
		{35BD34F6-FF47-4BF6-A765-86EF32766027}.Release|Any CPU.Build.0 = Release|Any CPU
	EndGlobalSection
	GlobalSection(SolutionProperties) = preSolution
		HideSolutionNode = FALSE
	EndGlobalSection
	GlobalSection(ExtensibilityGlobals) = postSolution
		SolutionGuid = {36C38DDE-0B40-41D0-8AE7-9DF9C55F808A}
	EndGlobalSection
EndGlobal
